
Microsoft Visual Studio Solution File, Format Version 12.00
# Visual Studio Version 17
VisualStudioVersion = 17.0.31919.166
MinimumVisualStudioVersion = 10.0.40219.1
Project("{FAE04EC0-301F-11D3-BF4B-00C04F79EFBC}") = "OnlineShoppingSystem", "OnlineShoppingSystem\OnlineShoppingSystem.csproj", "{7D941D92-D742-47C1-BD8E-568FCF033DCF}"
EndProject
Global
	GlobalSection(SolutionConfigurationPlatforms) = preSolution
		Debug|Any CPU = Debug|Any CPU
		Release|Any CPU = Release|Any CPU
	EndGlobalSection
	GlobalSection(ProjectConfigurationPlatforms) = postSolution
		{7D941D92-D742-47C1-BD8E-568FCF033DCF}.Debug|Any CPU.ActiveCfg = Debug|Any CPU
		{7D941D92-D742-47C1-BD8E-568FCF033DCF}.Debug|Any CPU.Build.0 = Debug|Any CPU
		{7D941D92-D742-47C1-BD8E-568FCF033DCF}.Release|Any CPU.ActiveCfg = Release|Any CPU
		{7D941D92-D742-47C1-BD8E-568FCF033DCF}.Release|Any CPU.Build.0 = Release|Any CPU
	EndGlobalSection
	GlobalSection(SolutionProperties) = preSolution
		HideSolutionNode = FALSE
	EndGlobalSection
	GlobalSection(ExtensibilityGlobals) = postSolution
		SolutionGuid = {0EA540D7-9EE0-42C4-B383-D4D59BC1B0BE}
	EndGlobalSection
EndGlobal
